
Microsoft Visual Studio Solution File, Format Version 12.00
# Visual Studio Version 17
VisualStudioVersion = 17.4.33213.308
MinimumVisualStudioVersion = 10.0.40219.1
Project("{2150E333-8FDC-42A3-9474-1A3956D46DE8}") = "Services", "Services", "{605C8EE6-8E0C-457F-92F1-732004A0497E}"
EndProject
Project("{2150E333-8FDC-42A3-9474-1A3956D46DE8}") = "Catalog", "Catalog", "{F16C2AAE-1344-4687-95E0-649D84AB5B71}"
EndProject
Project("{FAE04EC0-301F-11D3-BF4B-00C04F79EFBC}") = "ECommerceWeb.Catalog", "Services\Catalog\ECommerceWeb.Catalog\ECommerceWeb.Catalog.csproj", "{7AD7EB1C-A52F-435F-8580-6354BAC5355F}"
EndProject
Global
	GlobalSection(SolutionConfigurationPlatforms) = preSolution
		Debug|Any CPU = Debug|Any CPU
		Release|Any CPU = Release|Any CPU
	EndGlobalSection
	GlobalSection(ProjectConfigurationPlatforms) = postSolution
		{7AD7EB1C-A52F-435F-8580-6354BAC5355F}.Debug|Any CPU.ActiveCfg = Debug|Any CPU
		{7AD7EB1C-A52F-435F-8580-6354BAC5355F}.Debug|Any CPU.Build.0 = Debug|Any CPU
		{7AD7EB1C-A52F-435F-8580-6354BAC5355F}.Release|Any CPU.ActiveCfg = Release|Any CPU
		{7AD7EB1C-A52F-435F-8580-6354BAC5355F}.Release|Any CPU.Build.0 = Release|Any CPU
	EndGlobalSection
	GlobalSection(SolutionProperties) = preSolution
		HideSolutionNode = FALSE
	EndGlobalSection
	GlobalSection(NestedProjects) = preSolution
		{F16C2AAE-1344-4687-95E0-649D84AB5B71} = {605C8EE6-8E0C-457F-92F1-732004A0497E}
		{7AD7EB1C-A52F-435F-8580-6354BAC5355F} = {F16C2AAE-1344-4687-95E0-649D84AB5B71}
	EndGlobalSection
	GlobalSection(ExtensibilityGlobals) = postSolution
		SolutionGuid = {0564B5C9-EA32-4BE9-8D6A-F96FC0D77847}
	EndGlobalSection
EndGlobal
